
Microsoft Visual Studio Solution File, Format Version 12.00
# Visual Studio Version 17
VisualStudioVersion = 17.9.34701.34
MinimumVisualStudioVersion = 10.0.40219.1
Project("{9A19103F-16F7-4668-BE54-9A1E7A4F7556}") = "consola-01", "consola-01\consola-01.csproj", "{84A4FCFF-A34F-4ADB-9FBA-83D7F3A6BFCC}"
EndProject
Project("{2150E333-8FDC-42A3-9474-1A3956D46DE8}") = "clases", "clases", "{788CD64D-98A6-4791-A29C-8BD9AF978703}"
	ProjectSection(SolutionItems) = preProject
		clase-01.cs = clase-01.cs
	EndProjectSection
EndProject
Project("{9A19103F-16F7-4668-BE54-9A1E7A4F7556}") = "01-variables", "01-variables\01-variables.csproj", "{619EA099-449D-40C2-AC52-9DA2FB9DFAF2}"
EndProject
Project("{9A19103F-16F7-4668-BE54-9A1E7A4F7556}") = "02-input", "02-input\02-input.csproj", "{ACA05458-4330-4D1D-B1DE-B57B11B065EA}"
EndProject
Project("{9A19103F-16F7-4668-BE54-9A1E7A4F7556}") = "comparacion", "comparacion\comparacion.csproj", "{8812AE2B-CB99-41CD-8058-586555654E31}"
EndProject
Project("{9A19103F-16F7-4668-BE54-9A1E7A4F7556}") = "04-math", "04-math\04-math.csproj", "{DDD8FF25-CF60-40D2-A8D9-72C9F204506C}"
EndProject
Project("{9A19103F-16F7-4668-BE54-9A1E7A4F7556}") = "05-matrices", "05-matrices\05-matrices.csproj", "{4238DDED-0486-4ABC-8DF4-641CAC1E83C3}"
EndProject
Project("{FAE04EC0-301F-11D3-BF4B-00C04F79EFBC}") = "soloEnDevelop", "soloEnDevelop\soloEnDevelop.csproj", "{6925F38E-1A30-4999-9B90-76AAF1317122}"
EndProject
Project("{FAE04EC0-301F-11D3-BF4B-00C04F79EFBC}") = "NewFeature", "NewFeature\NewFeature.csproj", "{018B8DCD-DA88-43A9-91EF-412E87BA133F}"
EndProject
Global
	GlobalSection(SolutionConfigurationPlatforms) = preSolution
		Debug|Any CPU = Debug|Any CPU
		Release|Any CPU = Release|Any CPU
	EndGlobalSection
	GlobalSection(ProjectConfigurationPlatforms) = postSolution
		{84A4FCFF-A34F-4ADB-9FBA-83D7F3A6BFCC}.Debug|Any CPU.ActiveCfg = Debug|Any CPU
		{84A4FCFF-A34F-4ADB-9FBA-83D7F3A6BFCC}.Debug|Any CPU.Build.0 = Debug|Any CPU
		{84A4FCFF-A34F-4ADB-9FBA-83D7F3A6BFCC}.Release|Any CPU.ActiveCfg = Release|Any CPU
		{84A4FCFF-A34F-4ADB-9FBA-83D7F3A6BFCC}.Release|Any CPU.Build.0 = Release|Any CPU
		{619EA099-449D-40C2-AC52-9DA2FB9DFAF2}.Debug|Any CPU.ActiveCfg = Debug|Any CPU
		{619EA099-449D-40C2-AC52-9DA2FB9DFAF2}.Debug|Any CPU.Build.0 = Debug|Any CPU
		{619EA099-449D-40C2-AC52-9DA2FB9DFAF2}.Release|Any CPU.ActiveCfg = Release|Any CPU
		{619EA099-449D-40C2-AC52-9DA2FB9DFAF2}.Release|Any CPU.Build.0 = Release|Any CPU
		{ACA05458-4330-4D1D-B1DE-B57B11B065EA}.Debug|Any CPU.ActiveCfg = Debug|Any CPU
		{ACA05458-4330-4D1D-B1DE-B57B11B065EA}.Debug|Any CPU.Build.0 = Debug|Any CPU
		{ACA05458-4330-4D1D-B1DE-B57B11B065EA}.Release|Any CPU.ActiveCfg = Release|Any CPU
		{ACA05458-4330-4D1D-B1DE-B57B11B065EA}.Release|Any CPU.Build.0 = Release|Any CPU
		{8812AE2B-CB99-41CD-8058-586555654E31}.Debug|Any CPU.ActiveCfg = Debug|Any CPU
		{8812AE2B-CB99-41CD-8058-586555654E31}.Debug|Any CPU.Build.0 = Debug|Any CPU
		{8812AE2B-CB99-41CD-8058-586555654E31}.Release|Any CPU.ActiveCfg = Release|Any CPU
		{8812AE2B-CB99-41CD-8058-586555654E31}.Release|Any CPU.Build.0 = Release|Any CPU
		{DDD8FF25-CF60-40D2-A8D9-72C9F204506C}.Debug|Any CPU.ActiveCfg = Debug|Any CPU
		{DDD8FF25-CF60-40D2-A8D9-72C9F204506C}.Debug|Any CPU.Build.0 = Debug|Any CPU
		{DDD8FF25-CF60-40D2-A8D9-72C9F204506C}.Release|Any CPU.ActiveCfg = Release|Any CPU
		{DDD8FF25-CF60-40D2-A8D9-72C9F204506C}.Release|Any CPU.Build.0 = Release|Any CPU
		{4238DDED-0486-4ABC-8DF4-641CAC1E83C3}.Debug|Any CPU.ActiveCfg = Debug|Any CPU
		{4238DDED-0486-4ABC-8DF4-641CAC1E83C3}.Debug|Any CPU.Build.0 = Debug|Any CPU
		{4238DDED-0486-4ABC-8DF4-641CAC1E83C3}.Release|Any CPU.ActiveCfg = Release|Any CPU
		{4238DDED-0486-4ABC-8DF4-641CAC1E83C3}.Release|Any CPU.Build.0 = Release|Any CPU
		{6925F38E-1A30-4999-9B90-76AAF1317122}.Debug|Any CPU.ActiveCfg = Debug|Any CPU
		{6925F38E-1A30-4999-9B90-76AAF1317122}.Debug|Any CPU.Build.0 = Debug|Any CPU
		{6925F38E-1A30-4999-9B90-76AAF1317122}.Release|Any CPU.ActiveCfg = Release|Any CPU
		{6925F38E-1A30-4999-9B90-76AAF1317122}.Release|Any CPU.Build.0 = Release|Any CPU
		{018B8DCD-DA88-43A9-91EF-412E87BA133F}.Debug|Any CPU.ActiveCfg = Debug|Any CPU
		{018B8DCD-DA88-43A9-91EF-412E87BA133F}.Debug|Any CPU.Build.0 = Debug|Any CPU
		{018B8DCD-DA88-43A9-91EF-412E87BA133F}.Release|Any CPU.ActiveCfg = Release|Any CPU
		{018B8DCD-DA88-43A9-91EF-412E87BA133F}.Release|Any CPU.Build.0 = Release|Any CPU
	EndGlobalSection
	GlobalSection(SolutionProperties) = preSolution
		HideSolutionNode = FALSE
	EndGlobalSection
	GlobalSection(ExtensibilityGlobals) = postSolution
		SolutionGuid = {A706DACB-A5EC-4182-AD90-756D4418851F}
	EndGlobalSection
EndGlobal
